{
  "requires": true,
  "lockfileVersion": 1,
  "dependencies": {
    "party-js": {
      "version": "1.0.4",
      "resolved": "https://registry.npmjs.org/party-js/-/party-js-1.0.4.tgz",
      "integrity": "sha512-xKqEd2zzQHKSBVPB8fB6gDDv4HgvZig2pXsskokmCE7i2VDAb74G5pn4VwE65o418AYBcEvePoYTdB+0ZN0Pfg=="
    }
  }
}
